
Microsoft Visual Studio Solution File, Format Version 12.00
# Visual Studio Version 17
VisualStudioVersion = 17.6.33712.159
MinimumVisualStudioVersion = 10.0.40219.1
Project("{9A19103F-16F7-4668-BE54-9A1E7A4F7556}") = "BlazorEcommerce.Server", "BlazorEcommerce\Server\BlazorEcommerce.Server.csproj", "{A5094963-2AD9-4A16-936B-12D97269AE6D}"
EndProject
Project("{9A19103F-16F7-4668-BE54-9A1E7A4F7556}") = "BlazorEcommerce.Client", "BlazorEcommerce\Client\BlazorEcommerce.Client.csproj", "{204B4A33-E8EE-495A-B3F3-F8B3D6CB3E67}"
EndProject
Project("{9A19103F-16F7-4668-BE54-9A1E7A4F7556}") = "BlazorEcommerce.Shared", "BlazorEcommerce\Shared\BlazorEcommerce.Shared.csproj", "{BD99A37B-0D7C-4BA7-803B-3D00B9EB04C9}"
EndProject
Global
	GlobalSection(SolutionConfigurationPlatforms) = preSolution
		Debug|Any CPU = Debug|Any CPU
		Release|Any CPU = Release|Any CPU
	EndGlobalSection
	GlobalSection(ProjectConfigurationPlatforms) = postSolution
		{A5094963-2AD9-4A16-936B-12D97269AE6D}.Debug|Any CPU.ActiveCfg = Debug|Any CPU
		{A5094963-2AD9-4A16-936B-12D97269AE6D}.Debug|Any CPU.Build.0 = Debug|Any CPU
		{A5094963-2AD9-4A16-936B-12D97269AE6D}.Release|Any CPU.ActiveCfg = Release|Any CPU
		{A5094963-2AD9-4A16-936B-12D97269AE6D}.Release|Any CPU.Build.0 = Release|Any CPU
		{204B4A33-E8EE-495A-B3F3-F8B3D6CB3E67}.Debug|Any CPU.ActiveCfg = Debug|Any CPU
		{204B4A33-E8EE-495A-B3F3-F8B3D6CB3E67}.Debug|Any CPU.Build.0 = Debug|Any CPU
		{204B4A33-E8EE-495A-B3F3-F8B3D6CB3E67}.Release|Any CPU.ActiveCfg = Release|Any CPU
		{204B4A33-E8EE-495A-B3F3-F8B3D6CB3E67}.Release|Any CPU.Build.0 = Release|Any CPU
		{BD99A37B-0D7C-4BA7-803B-3D00B9EB04C9}.Debug|Any CPU.ActiveCfg = Debug|Any CPU
		{BD99A37B-0D7C-4BA7-803B-3D00B9EB04C9}.Debug|Any CPU.Build.0 = Debug|Any CPU
		{BD99A37B-0D7C-4BA7-803B-3D00B9EB04C9}.Release|Any CPU.ActiveCfg = Release|Any CPU
		{BD99A37B-0D7C-4BA7-803B-3D00B9EB04C9}.Release|Any CPU.Build.0 = Release|Any CPU
	EndGlobalSection
	GlobalSection(SolutionProperties) = preSolution
		HideSolutionNode = FALSE
	EndGlobalSection
	GlobalSection(ExtensibilityGlobals) = postSolution
		SolutionGuid = {F4A06AA7-0AB0-476B-8B19-EFA6FCF0CCB3}
	EndGlobalSection
EndGlobal
